
Microsoft Visual Studio Solution File, Format Version 12.00
# Visual Studio Version 16
VisualStudioVersion = 16.0.30804.86
MinimumVisualStudioVersion = 10.0.40219.1
Project("{FAE04EC0-301F-11D3-BF4B-00C04F79EFBC}") = "a_estrela", "a_estrela.csproj", "{B5D77644-42C4-481D-935B-AE34BC903753}"
EndProject
Global
	GlobalSection(SolutionConfigurationPlatforms) = preSolution
		Debug|Any CPU = Debug|Any CPU
		Release|Any CPU = Release|Any CPU
	EndGlobalSection
	GlobalSection(ProjectConfigurationPlatforms) = postSolution
		{B5D77644-42C4-481D-935B-AE34BC903753}.Debug|Any CPU.ActiveCfg = Debug|Any CPU
		{B5D77644-42C4-481D-935B-AE34BC903753}.Debug|Any CPU.Build.0 = Debug|Any CPU
		{B5D77644-42C4-481D-935B-AE34BC903753}.Release|Any CPU.ActiveCfg = Release|Any CPU
		{B5D77644-42C4-481D-935B-AE34BC903753}.Release|Any CPU.Build.0 = Release|Any CPU
	EndGlobalSection
	GlobalSection(SolutionProperties) = preSolution
		HideSolutionNode = FALSE
	EndGlobalSection
	GlobalSection(ExtensibilityGlobals) = postSolution
		SolutionGuid = {36044DAA-C8F4-41BD-BD30-55779EDA61D8}
	EndGlobalSection
EndGlobal
